
Microsoft Visual Studio Solution File, Format Version 12.00
# Visual Studio Version 16
VisualStudioVersion = 16.0.28803.156
MinimumVisualStudioVersion = 10.0.40219.1
Project("{FAE04EC0-301F-11D3-BF4B-00C04F79EFBC}") = "MyBlogNew.Server", "MyBlogNew.Server\MyBlogNew.Server.csproj", "{9173F4AE-D207-47B4-8124-0B5C4F83E2CD}"
EndProject
Project("{FAE04EC0-301F-11D3-BF4B-00C04F79EFBC}") = "MyBlogNew.Client", "MyBlogNew.Client\MyBlogNew.Client.csproj", "{9A497DAF-1FB8-44A1-96D1-1DFD13061C25}"
EndProject
Project("{FAE04EC0-301F-11D3-BF4B-00C04F79EFBC}") = "MyBlogNew.Shared", "MyBlogNew.Shared\MyBlogNew.Shared.csproj", "{EBB867DA-EAC5-449C-B93C-79B6B6049928}"
EndProject
Project("{FAE04EC0-301F-11D3-BF4B-00C04F79EFBC}") = "MyBlogNew.Models", "MyBlogNew.Models\MyBlogNew.Models.csproj", "{1364A6AF-FCEF-4354-999A-AA00CD026244}"
EndProject
Global
	GlobalSection(SolutionConfigurationPlatforms) = preSolution
		Debug|Any CPU = Debug|Any CPU
		Release|Any CPU = Release|Any CPU
	EndGlobalSection
	GlobalSection(ProjectConfigurationPlatforms) = postSolution
		{9173F4AE-D207-47B4-8124-0B5C4F83E2CD}.Debug|Any CPU.ActiveCfg = Debug|Any CPU
		{9173F4AE-D207-47B4-8124-0B5C4F83E2CD}.Debug|Any CPU.Build.0 = Debug|Any CPU
		{9173F4AE-D207-47B4-8124-0B5C4F83E2CD}.Release|Any CPU.ActiveCfg = Release|Any CPU
		{9173F4AE-D207-47B4-8124-0B5C4F83E2CD}.Release|Any CPU.Build.0 = Release|Any CPU
		{9A497DAF-1FB8-44A1-96D1-1DFD13061C25}.Debug|Any CPU.ActiveCfg = Debug|Any CPU
		{9A497DAF-1FB8-44A1-96D1-1DFD13061C25}.Debug|Any CPU.Build.0 = Debug|Any CPU
		{9A497DAF-1FB8-44A1-96D1-1DFD13061C25}.Release|Any CPU.ActiveCfg = Release|Any CPU
		{9A497DAF-1FB8-44A1-96D1-1DFD13061C25}.Release|Any CPU.Build.0 = Release|Any CPU
		{EBB867DA-EAC5-449C-B93C-79B6B6049928}.Debug|Any CPU.ActiveCfg = Debug|Any CPU
		{EBB867DA-EAC5-449C-B93C-79B6B6049928}.Debug|Any CPU.Build.0 = Debug|Any CPU
		{EBB867DA-EAC5-449C-B93C-79B6B6049928}.Release|Any CPU.ActiveCfg = Release|Any CPU
		{EBB867DA-EAC5-449C-B93C-79B6B6049928}.Release|Any CPU.Build.0 = Release|Any CPU
		{1364A6AF-FCEF-4354-999A-AA00CD026244}.Debug|Any CPU.ActiveCfg = Debug|Any CPU
		{1364A6AF-FCEF-4354-999A-AA00CD026244}.Debug|Any CPU.Build.0 = Debug|Any CPU
		{1364A6AF-FCEF-4354-999A-AA00CD026244}.Release|Any CPU.ActiveCfg = Release|Any CPU
		{1364A6AF-FCEF-4354-999A-AA00CD026244}.Release|Any CPU.Build.0 = Release|Any CPU
	EndGlobalSection
	GlobalSection(SolutionProperties) = preSolution
		HideSolutionNode = FALSE
	EndGlobalSection
	GlobalSection(ExtensibilityGlobals) = postSolution
		SolutionGuid = {E9B4BF2F-9013-4AE2-8513-4A43B135AC91}
	EndGlobalSection
EndGlobal
